
Microsoft Visual Studio Solution File, Format Version 12.00
Project("{FAE04EC0-301F-11D3-BF4B-00C04F79EFBC}") = "TaskStudy", "TaskStudy.csproj", "{AAFCECFE-962B-4D4C-997C-462BBC7ECFEE}"
EndProject
Global
	GlobalSection(SolutionConfigurationPlatforms) = preSolution
		Debug|Any CPU = Debug|Any CPU
		Release|Any CPU = Release|Any CPU
	EndGlobalSection
	GlobalSection(ProjectConfigurationPlatforms) = postSolution
		{AAFCECFE-962B-4D4C-997C-462BBC7ECFEE}.Debug|Any CPU.ActiveCfg = Debug|Any CPU
		{AAFCECFE-962B-4D4C-997C-462BBC7ECFEE}.Debug|Any CPU.Build.0 = Debug|Any CPU
		{AAFCECFE-962B-4D4C-997C-462BBC7ECFEE}.Release|Any CPU.ActiveCfg = Release|Any CPU
		{AAFCECFE-962B-4D4C-997C-462BBC7ECFEE}.Release|Any CPU.Build.0 = Release|Any CPU
	EndGlobalSection
EndGlobal
