
Microsoft Visual Studio Solution File, Format Version 12.00
Project("{FAE04EC0-301F-11D3-BF4B-00C04F79EFBC}") = "AkinshinProblemBooks", "AkinshinProblemBooks\AkinshinProblemBooks.csproj", "{28819FE7-D6A2-4A5B-A6EC-A3454D00FB2E}"
EndProject
Global
	GlobalSection(SolutionConfigurationPlatforms) = preSolution
		Debug|Any CPU = Debug|Any CPU
		Release|Any CPU = Release|Any CPU
	EndGlobalSection
	GlobalSection(ProjectConfigurationPlatforms) = postSolution
		{28819FE7-D6A2-4A5B-A6EC-A3454D00FB2E}.Debug|Any CPU.ActiveCfg = Debug|Any CPU
		{28819FE7-D6A2-4A5B-A6EC-A3454D00FB2E}.Debug|Any CPU.Build.0 = Debug|Any CPU
		{28819FE7-D6A2-4A5B-A6EC-A3454D00FB2E}.Release|Any CPU.ActiveCfg = Release|Any CPU
		{28819FE7-D6A2-4A5B-A6EC-A3454D00FB2E}.Release|Any CPU.Build.0 = Release|Any CPU
	EndGlobalSection
EndGlobal
